{
  "nodes": {
    "mlPkgs": {
      "locked": {
        "narHash": "sha256-lvGSNejxUrXsWKoavdB8jWAJOYAO6cqG3P6cHd0eb5s=",
        "path": "/home/me/projects/config/ml-pkgs",
        "type": "path"
      },
      "original": {
        "path": "/home/me/projects/config/ml-pkgs",
        "type": "path"
      }
    },
    "nixpkgs": {
      "locked": {
        "lastModified": 1636944046,
        "narHash": "sha256-74KLDsiWSBsYXKj/ql9EGbw1TbIJRE7clFkhl30HV/c=",
        "owner": "nixos",
        "repo": "nixpkgs",
        "rev": "46251a79f752ae1d46ef733e8e9760b6d3429da4",
        "type": "github"
      },
      "original": {
        "owner": "nixos",
        "repo": "nixpkgs",
        "rev": "46251a79f752ae1d46ef733e8e9760b6d3429da4",
        "type": "github"
      }
    },
    "root": {
      "inputs": {
        "mlPkgs": "mlPkgs",
        "nixpkgs": "nixpkgs",
        "utils": "utils"
      }
    },
    "utils": {
      "locked": {
        "lastModified": 1637014545,
        "narHash": "sha256-26IZAc5yzlD9FlDT54io1oqG/bBoyka+FJk5guaX4x4=",
        "owner": "numtide",
        "repo": "flake-utils",
        "rev": "bba5dcc8e0b20ab664967ad83d24d64cb64ec4f4",
        "type": "github"
      },
      "original": {
        "owner": "numtide",
        "repo": "flake-utils",
        "type": "github"
      }
    }
  },
  "root": "root",
  "version": 7
}
